
Microsoft Visual Studio Solution File, Format Version 12.00
# Visual Studio Version 17
VisualStudioVersion = 17.9.34723.18
MinimumVisualStudioVersion = 10.0.40219.1
Project("{8BC9CEB8-8B4A-11D0-8D11-00A0C91BC942}") = "LABA3_TEST", "LABA3_TEST\LABA3_TEST.vcxproj", "{F645055F-D0F8-4444-8304-1139FB3A1F0F}"
EndProject
Global
	GlobalSection(SolutionConfigurationPlatforms) = preSolution
		Debug|x64 = Debug|x64
		Debug|x86 = Debug|x86
		Release|x64 = Release|x64
		Release|x86 = Release|x86
	EndGlobalSection
	GlobalSection(ProjectConfigurationPlatforms) = postSolution
		{F645055F-D0F8-4444-8304-1139FB3A1F0F}.Debug|x64.ActiveCfg = Debug|x64
		{F645055F-D0F8-4444-8304-1139FB3A1F0F}.Debug|x64.Build.0 = Debug|x64
		{F645055F-D0F8-4444-8304-1139FB3A1F0F}.Debug|x86.ActiveCfg = Debug|Win32
		{F645055F-D0F8-4444-8304-1139FB3A1F0F}.Debug|x86.Build.0 = Debug|Win32
		{F645055F-D0F8-4444-8304-1139FB3A1F0F}.Release|x64.ActiveCfg = Release|x64
		{F645055F-D0F8-4444-8304-1139FB3A1F0F}.Release|x64.Build.0 = Release|x64
		{F645055F-D0F8-4444-8304-1139FB3A1F0F}.Release|x86.ActiveCfg = Release|Win32
		{F645055F-D0F8-4444-8304-1139FB3A1F0F}.Release|x86.Build.0 = Release|Win32
	EndGlobalSection
	GlobalSection(SolutionProperties) = preSolution
		HideSolutionNode = FALSE
	EndGlobalSection
	GlobalSection(ExtensibilityGlobals) = postSolution
		SolutionGuid = {4C1D4E3B-3980-4553-9DFF-5BFF59717D10}
	EndGlobalSection
EndGlobal
